
Microsoft Visual Studio Solution File, Format Version 12.00
# Visual Studio Version 16
VisualStudioVersion = 16.0.29926.136
MinimumVisualStudioVersion = 10.0.40219.1
Project("{FAE04EC0-301F-11D3-BF4B-00C04F79EFBC}") = "InicijalnoZadatak7", "InicijalnoZadatak7\InicijalnoZadatak7.csproj", "{550021BB-1949-4F9C-9D69-EE4767EB10F5}"
EndProject
Global
	GlobalSection(SolutionConfigurationPlatforms) = preSolution
		Debug|Any CPU = Debug|Any CPU
		Release|Any CPU = Release|Any CPU
	EndGlobalSection
	GlobalSection(ProjectConfigurationPlatforms) = postSolution
		{550021BB-1949-4F9C-9D69-EE4767EB10F5}.Debug|Any CPU.ActiveCfg = Debug|Any CPU
		{550021BB-1949-4F9C-9D69-EE4767EB10F5}.Debug|Any CPU.Build.0 = Debug|Any CPU
		{550021BB-1949-4F9C-9D69-EE4767EB10F5}.Release|Any CPU.ActiveCfg = Release|Any CPU
		{550021BB-1949-4F9C-9D69-EE4767EB10F5}.Release|Any CPU.Build.0 = Release|Any CPU
	EndGlobalSection
	GlobalSection(SolutionProperties) = preSolution
		HideSolutionNode = FALSE
	EndGlobalSection
	GlobalSection(ExtensibilityGlobals) = postSolution
		SolutionGuid = {D838C5D6-534B-45B0-AC49-1C33F2ACF676}
	EndGlobalSection
EndGlobal
